github.com/golang/crypto v0.0.0-20190308221718-c2843e01d9a2 h1:Q29Ikz4l9+XiewSIk/Bq1tyit7SNEvtaQ42ax6X/zt0=
github.com/golang/crypto v0.0.0-20190308221718-c2843e01d9a2/go.mod h1:djNgcEr1/C05ACkg1iLfiJU5Ep61QUkGW8qpdssI0+w=
github.com/golang/sys v0.0.0-20190412213103-97732733099d/go.mod h1:h1NjWce9XRLGQEsW7wpKNCjG9DtNlClVuFLEZdDNbEs=
github.com/kjx98/openpgp v0.0.0-20200126075111-6e2ca065936e h1:sy9S9mjPLB82+hQ7to9avXzltX7gRbJD4GcSODu7lME=
github.com/kjx98/openpgp v0.0.0-20200126075111-6e2ca065936e/go.mod h1:Ed9904mcT4IZjAWJXG4M/pYtcbhpw6obBeWDWP0+Uh0=
